
Microsoft Visual Studio Solution File, Format Version 12.00
# Visual Studio Version 17
VisualStudioVersion = 17.8.34309.116
MinimumVisualStudioVersion = 10.0.40219.1
Project("{FAE04EC0-301F-11D3-BF4B-00C04F79EFBC}") = "NQueens", "NQueens\NQueens.csproj", "{D54C7249-9743-4A09-99A1-27A8C1D51731}"
EndProject
Global
	GlobalSection(SolutionConfigurationPlatforms) = preSolution
		Debug|Any CPU = Debug|Any CPU
		Release|Any CPU = Release|Any CPU
	EndGlobalSection
	GlobalSection(ProjectConfigurationPlatforms) = postSolution
		{D54C7249-9743-4A09-99A1-27A8C1D51731}.Debug|Any CPU.ActiveCfg = Debug|Any CPU
		{D54C7249-9743-4A09-99A1-27A8C1D51731}.Debug|Any CPU.Build.0 = Debug|Any CPU
		{D54C7249-9743-4A09-99A1-27A8C1D51731}.Release|Any CPU.ActiveCfg = Release|Any CPU
		{D54C7249-9743-4A09-99A1-27A8C1D51731}.Release|Any CPU.Build.0 = Release|Any CPU
	EndGlobalSection
	GlobalSection(SolutionProperties) = preSolution
		HideSolutionNode = FALSE
	EndGlobalSection
	GlobalSection(ExtensibilityGlobals) = postSolution
		SolutionGuid = {761D8FF9-F09D-4381-ABC1-ED0EFB9E6CDF}
	EndGlobalSection
EndGlobal
